
Microsoft Visual Studio Solution File, Format Version 12.00
# Visual Studio 2015
Project("{FAE04EC0-301F-11D3-BF4B-00C04F79EFBC}") = "Super Casual.CSharp", "Super Casual.CSharp.csproj", "{8DCF50CB-AB6B-BFC0-1AF9-6C67A040024A}"
EndProject
Global
	GlobalSection(SolutionConfigurationPlatforms) = preSolution
		Debug|Any CPU = Debug|Any CPU
		Release|Any CPU = Release|Any CPU
	EndGlobalSection
	GlobalSection(ProjectConfigurationPlatforms) = postSolution
		{8DCF50CB-AB6B-BFC0-1AF9-6C67A040024A}.Debug|Any CPU.ActiveCfg = Debug|Any CPU
		{8DCF50CB-AB6B-BFC0-1AF9-6C67A040024A}.Debug|Any CPU.Build.0 = Debug|Any CPU
		{8DCF50CB-AB6B-BFC0-1AF9-6C67A040024A}.Release|Any CPU.ActiveCfg = Release|Any CPU
		{8DCF50CB-AB6B-BFC0-1AF9-6C67A040024A}.Release|Any CPU.Build.0 = Release|Any CPU
	EndGlobalSection
	GlobalSection(SolutionProperties) = preSolution
		HideSolutionNode = FALSE
	EndGlobalSection
EndGlobal
