
Microsoft Visual Studio Solution File, Format Version 12.00
# Visual Studio 2015
Project("{FAE04EC0-301F-11D3-BF4B-00C04F79EFBC}") = "Lemix.CSharp.Plugins", "Lemix.CSharp.Plugins.csproj", "{1010913E-E899-7CE5-B70A-F25B84C23E91}"
EndProject
Project("{FAE04EC0-301F-11D3-BF4B-00C04F79EFBC}") = "Lemix.CSharp", "Lemix.CSharp.csproj", "{C1013B95-E8DA-6CF5-62D1-020A5C1AEC1C}"
EndProject
Project("{FAE04EC0-301F-11D3-BF4B-00C04F79EFBC}") = "Lemix.CSharp.Editor", "Lemix.CSharp.Editor.csproj", "{76736A44-B5C8-8202-E88B-A3A3ED35F4BF}"
EndProject
Global
	GlobalSection(SolutionConfigurationPlatforms) = preSolution
		Debug|Any CPU = Debug|Any CPU
		Release|Any CPU = Release|Any CPU
	EndGlobalSection
	GlobalSection(ProjectConfigurationPlatforms) = postSolution
		{1010913E-E899-7CE5-B70A-F25B84C23E91}.Debug|Any CPU.ActiveCfg = Debug|Any CPU
		{1010913E-E899-7CE5-B70A-F25B84C23E91}.Debug|Any CPU.Build.0 = Debug|Any CPU
		{1010913E-E899-7CE5-B70A-F25B84C23E91}.Release|Any CPU.ActiveCfg = Release|Any CPU
		{1010913E-E899-7CE5-B70A-F25B84C23E91}.Release|Any CPU.Build.0 = Release|Any CPU
		{C1013B95-E8DA-6CF5-62D1-020A5C1AEC1C}.Debug|Any CPU.ActiveCfg = Debug|Any CPU
		{C1013B95-E8DA-6CF5-62D1-020A5C1AEC1C}.Debug|Any CPU.Build.0 = Debug|Any CPU
		{C1013B95-E8DA-6CF5-62D1-020A5C1AEC1C}.Release|Any CPU.ActiveCfg = Release|Any CPU
		{C1013B95-E8DA-6CF5-62D1-020A5C1AEC1C}.Release|Any CPU.Build.0 = Release|Any CPU
		{76736A44-B5C8-8202-E88B-A3A3ED35F4BF}.Debug|Any CPU.ActiveCfg = Debug|Any CPU
		{76736A44-B5C8-8202-E88B-A3A3ED35F4BF}.Debug|Any CPU.Build.0 = Debug|Any CPU
		{76736A44-B5C8-8202-E88B-A3A3ED35F4BF}.Release|Any CPU.ActiveCfg = Release|Any CPU
		{76736A44-B5C8-8202-E88B-A3A3ED35F4BF}.Release|Any CPU.Build.0 = Release|Any CPU
	EndGlobalSection
	GlobalSection(SolutionProperties) = preSolution
		HideSolutionNode = FALSE
	EndGlobalSection
EndGlobal
